// !$*UTF8*$!
{
	archiveVersion = 1;
	classes = {
	};
	objectVersion = 46;
	objects = {

/* Begin PBXBuildFile section */
		081237DE1A8E33F300E77D2F /* UINavigationController+CompletionHandler.m in Sources */ = {isa = PBXBuildFile; fileRef = 081237DD1A8E33F300E77D2F /* UINavigationController+CompletionHandler.m */; };
		08557FB21A56E249000901CA /* main.m in Sources */ = {isa = PBXBuildFile; fileRef = 08557FB11A56E249000901CA /* main.m */; };
		08557FB51A56E249000901CA /* AppDelegate.m in Sources */ = {isa = PBXBuildFile; fileRef = 08557FB41A56E249000901CA /* AppDelegate.m */; };
		08557FB81A56E249000901CA /* HomeViewController.m in Sources */ = {isa = PBXBuildFile; fileRef = 08557FB71A56E249000901CA /* HomeViewController.m */; };
		08557FBB1A56E249000901CA /* Main.storyboard in Resources */ = {isa = PBXBuildFile; fileRef = 08557FB91A56E249000901CA /* Main.storyboard */; };
		08557FBD1A56E249000901CA /* Images.xcassets in Resources */ = {isa = PBXBuildFile; fileRef = 08557FBC1A56E249000901CA /* Images.xcassets */; };
		08557FC01A56E249000901CA /* LaunchScreen.xib in Resources */ = {isa = PBXBuildFile; fileRef = 08557FBE1A56E249000901CA /* LaunchScreen.xib */; };
		08557FD91A56E88F000901CA /* DeviceTableViewController.m in Sources */ = {isa = PBXBuildFile; fileRef = 08557FD81A56E88F000901CA /* DeviceTableViewController.m */; };
		088C5C9E1A8BCDA000CDF56F /* ChromecastDeviceController.m in Sources */ = {isa = PBXBuildFile; fileRef = 088C5C9D1A8BCDA000CDF56F /* ChromecastDeviceController.m */; };
		088ECC0C1A8D1F58000BF9C5 /* DebuggerViewController.m in Sources */ = {isa = PBXBuildFile; fileRef = 088ECC0B1A8D1F58000BF9C5 /* DebuggerViewController.m */; };
		08DF7A261A97762500273FDF /* CastGameDebuggerTests.m in Sources */ = {isa = PBXBuildFile; fileRef = 08DF7A241A97762300273FDF /* CastGameDebuggerTests.m */; };
		08DF7A281A9776C500273FDF /* Info.plist in Resources */ = {isa = PBXBuildFile; fileRef = 08DF7A271A9776C500273FDF /* Info.plist */; };
		08DF7A2E1A978B0300273FDF /* UIButton+Extensions.m in Sources */ = {isa = PBXBuildFile; fileRef = 08DF7A2D1A978B0300273FDF /* UIButton+Extensions.m */; };
		B54461B2CAA7BF6237BB7EE6 /* libPods.a in Frameworks */ = {isa = PBXBuildFile; fileRef = 494A12950989119E63B0D0AA /* libPods.a */; };
/* End PBXBuildFile section */

/* Begin PBXContainerItemProxy section */
		08557FC61A56E249000901CA /* PBXContainerItemProxy */ = {
			isa = PBXContainerItemProxy;
			containerPortal = 08557FA41A56E249000901CA /* Project object */;
			proxyType = 1;
			remoteGlobalIDString = 08557FAB1A56E249000901CA;
			remoteInfo = GameServiceDebugger;
		};
/* End PBXContainerItemProxy section */

/* Begin PBXFileReference section */
		081237DC1A8E33F300E77D2F /* UINavigationController+CompletionHandler.h */ = {isa = PBXFileReference; fileEncoding = 4; lastKnownFileType = sourcecode.c.h; name = "UINavigationController+CompletionHandler.h"; path = "../CastGameDebugger/UINavigationController+CompletionHandler.h"; sourceTree = "<group>"; };
		081237DD1A8E33F300E77D2F /* UINavigationController+CompletionHandler.m */ = {isa = PBXFileReference; fileEncoding = 4; lastKnownFileType = sourcecode.c.objc; name = "UINavigationController+CompletionHandler.m"; path = "../CastGameDebugger/UINavigationController+CompletionHandler.m"; sourceTree = "<group>"; };
		08557FAC1A56E249000901CA /* CastGameDebugger.app */ = {isa = PBXFileReference; explicitFileType = wrapper.application; includeInIndex = 0; path = CastGameDebugger.app; sourceTree = BUILT_PRODUCTS_DIR; };
		08557FB01A56E249000901CA /* Info.plist */ = {isa = PBXFileReference; lastKnownFileType = text.plist.xml; name = Info.plist; path = ../CastGameDebugger/Info.plist; sourceTree = "<group>"; };
		08557FB11A56E249000901CA /* main.m */ = {isa = PBXFileReference; lastKnownFileType = sourcecode.c.objc; name = main.m; path = ../CastGameDebugger/main.m; sourceTree = "<group>"; };
		08557FB31A56E249000901CA /* AppDelegate.h */ = {isa = PBXFileReference; lastKnownFileType = sourcecode.c.h; name = AppDelegate.h; path = ../CastGameDebugger/AppDelegate.h; sourceTree = "<group>"; };
		08557FB41A56E249000901CA /* AppDelegate.m */ = {isa = PBXFileReference; lastKnownFileType = sourcecode.c.objc; name = AppDelegate.m; path = ../CastGameDebugger/AppDelegate.m; sourceTree = "<group>"; };
		08557FB61A56E249000901CA /* HomeViewController.h */ = {isa = PBXFileReference; lastKnownFileType = sourcecode.c.h; name = HomeViewController.h; path = ../CastGameDebugger/HomeViewController.h; sourceTree = "<group>"; };
		08557FB71A56E249000901CA /* HomeViewController.m */ = {isa = PBXFileReference; lastKnownFileType = sourcecode.c.objc; name = HomeViewController.m; path = ../CastGameDebugger/HomeViewController.m; sourceTree = "<group>"; };
		08557FBA1A56E249000901CA /* Base */ = {isa = PBXFileReference; lastKnownFileType = file.storyboard; name = Base; path = Base.lproj/Main.storyboard; sourceTree = "<group>"; };
		08557FBC1A56E249000901CA /* Images.xcassets */ = {isa = PBXFileReference; lastKnownFileType = folder.assetcatalog; name = Images.xcassets; path = ../CastGameDebugger/Images.xcassets; sourceTree = "<group>"; };
		08557FBF1A56E249000901CA /* Base */ = {isa = PBXFileReference; lastKnownFileType = file.xib; name = Base; path = Base.lproj/LaunchScreen.xib; sourceTree = "<group>"; };
		08557FC51A56E249000901CA /* CastGameDebuggerTests.xctest */ = {isa = PBXFileReference; explicitFileType = wrapper.cfbundle; includeInIndex = 0; path = CastGameDebuggerTests.xctest; sourceTree = BUILT_PRODUCTS_DIR; };
		08557FD71A56E88F000901CA /* DeviceTableViewController.h */ = {isa = PBXFileReference; fileEncoding = 4; lastKnownFileType = sourcecode.c.h; name = DeviceTableViewController.h; path = ../CastGameDebugger/DeviceTableViewController.h; sourceTree = "<group>"; };
		08557FD81A56E88F000901CA /* DeviceTableViewController.m */ = {isa = PBXFileReference; fileEncoding = 4; lastKnownFileType = sourcecode.c.objc; name = DeviceTableViewController.m; path = ../CastGameDebugger/DeviceTableViewController.m; sourceTree = "<group>"; };
		088C5C9C1A8BCDA000CDF56F /* ChromecastDeviceController.h */ = {isa = PBXFileReference; fileEncoding = 4; lastKnownFileType = sourcecode.c.h; name = ChromecastDeviceController.h; path = ../CastGameDebugger/ChromecastDeviceController.h; sourceTree = "<group>"; };
		088C5C9D1A8BCDA000CDF56F /* ChromecastDeviceController.m */ = {isa = PBXFileReference; fileEncoding = 4; lastKnownFileType = sourcecode.c.objc; name = ChromecastDeviceController.m; path = ../CastGameDebugger/ChromecastDeviceController.m; sourceTree = "<group>"; };
		088ECC0A1A8D1F58000BF9C5 /* DebuggerViewController.h */ = {isa = PBXFileReference; fileEncoding = 4; lastKnownFileType = sourcecode.c.h; name = DebuggerViewController.h; path = ../CastGameDebugger/DebuggerViewController.h; sourceTree = "<group>"; };
		088ECC0B1A8D1F58000BF9C5 /* DebuggerViewController.m */ = {isa = PBXFileReference; fileEncoding = 4; lastKnownFileType = sourcecode.c.objc; name = DebuggerViewController.m; path = ../CastGameDebugger/DebuggerViewController.m; sourceTree = "<group>"; };
		08DF7A241A97762300273FDF /* CastGameDebuggerTests.m */ = {isa = PBXFileReference; fileEncoding = 4; lastKnownFileType = sourcecode.c.objc; name = CastGameDebuggerTests.m; path = CastGameDebuggerTests/CastGameDebuggerTests.m; sourceTree = SOURCE_ROOT; };
		08DF7A271A9776C500273FDF /* Info.plist */ = {isa = PBXFileReference; fileEncoding = 4; lastKnownFileType = text.plist.xml; name = Info.plist; path = CastGameDebuggerTests/Info.plist; sourceTree = SOURCE_ROOT; };
		08DF7A2C1A978B0300273FDF /* UIButton+Extensions.h */ = {isa = PBXFileReference; fileEncoding = 4; lastKnownFileType = sourcecode.c.h; name = "UIButton+Extensions.h"; path = "../CastGameDebugger/UIButton+Extensions.h"; sourceTree = "<group>"; };
		08DF7A2D1A978B0300273FDF /* UIButton+Extensions.m */ = {isa = PBXFileReference; fileEncoding = 4; lastKnownFileType = sourcecode.c.objc; name = "UIButton+Extensions.m"; path = "../CastGameDebugger/UIButton+Extensions.m"; sourceTree = "<group>"; };
		15646F1AE709973403B2600F /* Pods.debug.xcconfig */ = {isa = PBXFileReference; includeInIndex = 1; lastKnownFileType = text.xcconfig; name = Pods.debug.xcconfig; path = "Pods/Target Support Files/Pods/Pods.debug.xcconfig"; sourceTree = "<group>"; };
		494A12950989119E63B0D0AA /* libPods.a */ = {isa = PBXFileReference; explicitFileType = archive.ar; includeInIndex = 0; path = libPods.a; sourceTree = BUILT_PRODUCTS_DIR; };
		AEAEB58F7C88F41935E04BEE /* Pods.release.xcconfig */ = {isa = PBXFileReference; includeInIndex = 1; lastKnownFileType = text.xcconfig; name = Pods.release.xcconfig; path = "Pods/Target Support Files/Pods/Pods.release.xcconfig"; sourceTree = "<group>"; };
/* End PBXFileReference section */

/* Begin PBXFrameworksBuildPhase section */
		08557FA91A56E249000901CA /* Frameworks */ = {
			isa = PBXFrameworksBuildPhase;
			buildActionMask = 2147483647;
			files = (
				B54461B2CAA7BF6237BB7EE6 /* libPods.a in Frameworks */,
			);
			runOnlyForDeploymentPostprocessing = 0;
		};
		08557FC21A56E249000901CA /* Frameworks */ = {
			isa = PBXFrameworksBuildPhase;
			buildActionMask = 2147483647;
			files = (
			);
			runOnlyForDeploymentPostprocessing = 0;
		};
/* End PBXFrameworksBuildPhase section */

/* Begin PBXGroup section */
		08557FA31A56E249000901CA = {
			isa = PBXGroup;
			children = (
				08557FAE1A56E249000901CA /* CastGameDebugger */,
				08557FC81A56E249000901CA /* CastGameDebuggerTests */,
				08557FAD1A56E249000901CA /* Products */,
				9219B9391B2E3B89FCB13009 /* Pods */,
				8E07BE301C4DDE577193BE3A /* Frameworks */,
			);
			sourceTree = "<group>";
		};
		08557FAD1A56E249000901CA /* Products */ = {
			isa = PBXGroup;
			children = (
				08557FAC1A56E249000901CA /* CastGameDebugger.app */,
				08557FC51A56E249000901CA /* CastGameDebuggerTests.xctest */,
			);
			name = Products;
			sourceTree = "<group>";
		};
		08557FAE1A56E249000901CA /* CastGameDebugger */ = {
			isa = PBXGroup;
			children = (
				08557FB31A56E249000901CA /* AppDelegate.h */,
				08557FB41A56E249000901CA /* AppDelegate.m */,
				08557FB61A56E249000901CA /* HomeViewController.h */,
				08557FB71A56E249000901CA /* HomeViewController.m */,
				088ECC0A1A8D1F58000BF9C5 /* DebuggerViewController.h */,
				088ECC0B1A8D1F58000BF9C5 /* DebuggerViewController.m */,
				08557FD71A56E88F000901CA /* DeviceTableViewController.h */,
				08557FD81A56E88F000901CA /* DeviceTableViewController.m */,
				088C5C9C1A8BCDA000CDF56F /* ChromecastDeviceController.h */,
				088C5C9D1A8BCDA000CDF56F /* ChromecastDeviceController.m */,
				081237DC1A8E33F300E77D2F /* UINavigationController+CompletionHandler.h */,
				081237DD1A8E33F300E77D2F /* UINavigationController+CompletionHandler.m */,
				08DF7A2C1A978B0300273FDF /* UIButton+Extensions.h */,
				08DF7A2D1A978B0300273FDF /* UIButton+Extensions.m */,
				08557FB91A56E249000901CA /* Main.storyboard */,
				08557FBE1A56E249000901CA /* LaunchScreen.xib */,
				08557FBC1A56E249000901CA /* Images.xcassets */,
				08557FAF1A56E249000901CA /* Supporting Files */,
			);
			path = CastGameDebugger;
			sourceTree = "<group>";
		};
		08557FAF1A56E249000901CA /* Supporting Files */ = {
			isa = PBXGroup;
			children = (
				08557FB01A56E249000901CA /* Info.plist */,
				08557FB11A56E249000901CA /* main.m */,
			);
			name = "Supporting Files";
			sourceTree = "<group>";
		};
		08557FC81A56E249000901CA /* CastGameDebuggerTests */ = {
			isa = PBXGroup;
			children = (
				08DF7A241A97762300273FDF /* CastGameDebuggerTests.m */,
				08557FC91A56E249000901CA /* Supporting Files */,
			);
			name = CastGameDebuggerTests;
			path = GameServiceDebuggerTests;
			sourceTree = "<group>";
		};
		08557FC91A56E249000901CA /* Supporting Files */ = {
			isa = PBXGroup;
			children = (
				08DF7A271A9776C500273FDF /* Info.plist */,
			);
			name = "Supporting Files";
			sourceTree = "<group>";
		};
		8E07BE301C4DDE577193BE3A /* Frameworks */ = {
			isa = PBXGroup;
			children = (
				494A12950989119E63B0D0AA /* libPods.a */,
			);
			name = Frameworks;
			sourceTree = "<group>";
		};
		9219B9391B2E3B89FCB13009 /* Pods */ = {
			isa = PBXGroup;
			children = (
				15646F1AE709973403B2600F /* Pods.debug.xcconfig */,
				AEAEB58F7C88F41935E04BEE /* Pods.release.xcconfig */,
			);
			name = Pods;
			sourceTree = "<group>";
		};
/* End PBXGroup section */

/* Begin PBXNativeTarget section */
		08557FAB1A56E249000901CA /* CastGameDebugger */ = {
			isa = PBXNativeTarget;
			buildConfigurationList = 08557FCF1A56E249000901CA /* Build configuration list for PBXNativeTarget "CastGameDebugger" */;
			buildPhases = (
				5C28C0E024A37A5C22BAD032 /* Check Pods Manifest.lock */,
				08557FA81A56E249000901CA /* Sources */,
				08557FA91A56E249000901CA /* Frameworks */,
				08557FAA1A56E249000901CA /* Resources */,
				24802FE692FAB5AA5B26720C /* Copy Pods Resources */,
			);
			buildRules = (
			);
			dependencies = (
			);
			name = CastGameDebugger;
			productName = GameServiceDebugger;
			productReference = 08557FAC1A56E249000901CA /* CastGameDebugger.app */;
			productType = "com.apple.product-type.application";
		};
		08557FC41A56E249000901CA /* CastGameDebuggerTests */ = {
			isa = PBXNativeTarget;
			buildConfigurationList = 08557FD21A56E249000901CA /* Build configuration list for PBXNativeTarget "CastGameDebuggerTests" */;
			buildPhases = (
				08557FC11A56E249000901CA /* Sources */,
				08557FC21A56E249000901CA /* Frameworks */,
				08557FC31A56E249000901CA /* Resources */,
			);
			buildRules = (
			);
			dependencies = (
				08557FC71A56E249000901CA /* PBXTargetDependency */,
			);
			name = CastGameDebuggerTests;
			productName = GameServiceDebuggerTests;
			productReference = 08557FC51A56E249000901CA /* CastGameDebuggerTests.xctest */;
			productType = "com.apple.product-type.bundle.unit-test";
		};
/* End PBXNativeTarget section */

/* Begin PBXProject section */
		08557FA41A56E249000901CA /* Project object */ = {
			isa = PBXProject;
			attributes = {
				LastUpgradeCheck = 0610;
				ORGANIZATIONNAME = Google;
				TargetAttributes = {
					08557FAB1A56E249000901CA = {
						CreatedOnToolsVersion = 6.1;
					};
					08557FC41A56E249000901CA = {
						CreatedOnToolsVersion = 6.1;
						TestTargetID = 08557FAB1A56E249000901CA;
					};
				};
			};
			buildConfigurationList = 08557FA71A56E249000901CA /* Build configuration list for PBXProject "CastGameDebugger" */;
			compatibilityVersion = "Xcode 3.2";
			developmentRegion = English;
			hasScannedForEncodings = 0;
			knownRegions = (
				en,
				Base,
			);
			mainGroup = 08557FA31A56E249000901CA;
			productRefGroup = 08557FAD1A56E249000901CA /* Products */;
			projectDirPath = "";
			projectRoot = "";
			targets = (
				08557FAB1A56E249000901CA /* CastGameDebugger */,
				08557FC41A56E249000901CA /* CastGameDebuggerTests */,
			);
		};
/* End PBXProject section */

/* Begin PBXResourcesBuildPhase section */
		08557FAA1A56E249000901CA /* Resources */ = {
			isa = PBXResourcesBuildPhase;
			buildActionMask = 2147483647;
			files = (
				08DF7A281A9776C500273FDF /* Info.plist in Resources */,
				08557FBB1A56E249000901CA /* Main.storyboard in Resources */,
				08557FC01A56E249000901CA /* LaunchScreen.xib in Resources */,
				08557FBD1A56E249000901CA /* Images.xcassets in Resources */,
			);
			runOnlyForDeploymentPostprocessing = 0;
		};
		08557FC31A56E249000901CA /* Resources */ = {
			isa = PBXResourcesBuildPhase;
			buildActionMask = 2147483647;
			files = (
			);
			runOnlyForDeploymentPostprocessing = 0;
		};
/* End PBXResourcesBuildPhase section */

/* Begin PBXShellScriptBuildPhase section */
		24802FE692FAB5AA5B26720C /* Copy Pods Resources */ = {
			isa = PBXShellScriptBuildPhase;
			buildActionMask = 2147483647;
			files = (
			);
			inputPaths = (
			);
			name = "Copy Pods Resources";
			outputPaths = (
			);
			runOnlyForDeploymentPostprocessing = 0;
			shellPath = /bin/sh;
			shellScript = "\"${SRCROOT}/Pods/Target Support Files/Pods/Pods-resources.sh\"\n";
			showEnvVarsInLog = 0;
		};
		5C28C0E024A37A5C22BAD032 /* Check Pods Manifest.lock */ = {
			isa = PBXShellScriptBuildPhase;
			buildActionMask = 2147483647;
			files = (
			);
			inputPaths = (
			);
			name = "Check Pods Manifest.lock";
			outputPaths = (
			);
			runOnlyForDeploymentPostprocessing = 0;
			shellPath = /bin/sh;
			shellScript = "diff \"${PODS_ROOT}/../Podfile.lock\" \"${PODS_ROOT}/Manifest.lock\" > /dev/null\nif [[ $? != 0 ]] ; then\n    cat << EOM\nerror: The sandbox is not in sync with the Podfile.lock. Run 'pod install' or update your CocoaPods installation.\nEOM\n    exit 1\nfi\n";
			showEnvVarsInLog = 0;
		};
/* End PBXShellScriptBuildPhase section */

/* Begin PBXSourcesBuildPhase section */
		08557FA81A56E249000901CA /* Sources */ = {
			isa = PBXSourcesBuildPhase;
			buildActionMask = 2147483647;
			files = (
				08557FB81A56E249000901CA /* HomeViewController.m in Sources */,
				081237DE1A8E33F300E77D2F /* UINavigationController+CompletionHandler.m in Sources */,
				08557FB51A56E249000901CA /* AppDelegate.m in Sources */,
				088C5C9E1A8BCDA000CDF56F /* ChromecastDeviceController.m in Sources */,
				08557FB21A56E249000901CA /* main.m in Sources */,
				08DF7A2E1A978B0300273FDF /* UIButton+Extensions.m in Sources */,
				08557FD91A56E88F000901CA /* DeviceTableViewController.m in Sources */,
				088ECC0C1A8D1F58000BF9C5 /* DebuggerViewController.m in Sources */,
			);
			runOnlyForDeploymentPostprocessing = 0;
		};
		08557FC11A56E249000901CA /* Sources */ = {
			isa = PBXSourcesBuildPhase;
			buildActionMask = 2147483647;
			files = (
				08DF7A261A97762500273FDF /* CastGameDebuggerTests.m in Sources */,
			);
			runOnlyForDeploymentPostprocessing = 0;
		};
/* End PBXSourcesBuildPhase section */

/* Begin PBXTargetDependency section */
		08557FC71A56E249000901CA /* PBXTargetDependency */ = {
			isa = PBXTargetDependency;
			target = 08557FAB1A56E249000901CA /* CastGameDebugger */;
			targetProxy = 08557FC61A56E249000901CA /* PBXContainerItemProxy */;
		};
/* End PBXTargetDependency section */

/* Begin PBXVariantGroup section */
		08557FB91A56E249000901CA /* Main.storyboard */ = {
			isa = PBXVariantGroup;
			children = (
				08557FBA1A56E249000901CA /* Base */,
			);
			name = Main.storyboard;
			path = ../CastGameDebugger;
			sourceTree = "<group>";
		};
		08557FBE1A56E249000901CA /* LaunchScreen.xib */ = {
			isa = PBXVariantGroup;
			children = (
				08557FBF1A56E249000901CA /* Base */,
			);
			name = LaunchScreen.xib;
			path = ../CastGameDebugger;
			sourceTree = "<group>";
		};
/* End PBXVariantGroup section */

/* Begin XCBuildConfiguration section */
		08557FCD1A56E249000901CA /* Debug */ = {
			isa = XCBuildConfiguration;
			buildSettings = {
				ALWAYS_SEARCH_USER_PATHS = NO;
				CLANG_CXX_LANGUAGE_STANDARD = "gnu++0x";
				CLANG_CXX_LIBRARY = "libc++";
				CLANG_ENABLE_MODULES = YES;
				CLANG_ENABLE_OBJC_ARC = YES;
				CLANG_WARN_BOOL_CONVERSION = YES;
				CLANG_WARN_CONSTANT_CONVERSION = YES;
				CLANG_WARN_DIRECT_OBJC_ISA_USAGE = YES_ERROR;
				CLANG_WARN_EMPTY_BODY = YES;
				CLANG_WARN_ENUM_CONVERSION = YES;
				CLANG_WARN_INT_CONVERSION = YES;
				CLANG_WARN_OBJC_ROOT_CLASS = YES_ERROR;
				CLANG_WARN_UNREACHABLE_CODE = YES;
				CLANG_WARN__DUPLICATE_METHOD_MATCH = YES;
				"CODE_SIGN_IDENTITY[sdk=iphoneos*]" = "iPhone Developer";
				COPY_PHASE_STRIP = NO;
				ENABLE_STRICT_OBJC_MSGSEND = YES;
				GCC_C_LANGUAGE_STANDARD = gnu99;
				GCC_DYNAMIC_NO_PIC = NO;
				GCC_OPTIMIZATION_LEVEL = 0;
				GCC_PREPROCESSOR_DEFINITIONS = (
					"DEBUG=1",
					"$(inherited)",
				);
				GCC_SYMBOLS_PRIVATE_EXTERN = NO;
				GCC_WARN_64_TO_32_BIT_CONVERSION = YES;
				GCC_WARN_ABOUT_RETURN_TYPE = YES_ERROR;
				GCC_WARN_UNDECLARED_SELECTOR = YES;
				GCC_WARN_UNINITIALIZED_AUTOS = YES_AGGRESSIVE;
				GCC_WARN_UNUSED_FUNCTION = YES;
				GCC_WARN_UNUSED_VARIABLE = YES;
				IPHONEOS_DEPLOYMENT_TARGET = 6.0;
				MTL_ENABLE_DEBUG_INFO = YES;
				ONLY_ACTIVE_ARCH = YES;
				SDKROOT = iphoneos;
				TARGETED_DEVICE_FAMILY = "1,2";
			};
			name = Debug;
		};
		08557FCE1A56E249000901CA /* Release */ = {
			isa = XCBuildConfiguration;
			buildSettings = {
				ALWAYS_SEARCH_USER_PATHS = NO;
				CLANG_CXX_LANGUAGE_STANDARD = "gnu++0x";
				CLANG_CXX_LIBRARY = "libc++";
				CLANG_ENABLE_MODULES = YES;
				CLANG_ENABLE_OBJC_ARC = YES;
				CLANG_WARN_BOOL_CONVERSION = YES;
				CLANG_WARN_CONSTANT_CONVERSION = YES;
				CLANG_WARN_DIRECT_OBJC_ISA_USAGE = YES_ERROR;
				CLANG_WARN_EMPTY_BODY = YES;
				CLANG_WARN_ENUM_CONVERSION = YES;
				CLANG_WARN_INT_CONVERSION = YES;
				CLANG_WARN_OBJC_ROOT_CLASS = YES_ERROR;
				CLANG_WARN_UNREACHABLE_CODE = YES;
				CLANG_WARN__DUPLICATE_METHOD_MATCH = YES;
				"CODE_SIGN_IDENTITY[sdk=iphoneos*]" = "iPhone Developer";
				COPY_PHASE_STRIP = YES;
				ENABLE_NS_ASSERTIONS = NO;
				ENABLE_STRICT_OBJC_MSGSEND = YES;
				GCC_C_LANGUAGE_STANDARD = gnu99;
				GCC_WARN_64_TO_32_BIT_CONVERSION = YES;
				GCC_WARN_ABOUT_RETURN_TYPE = YES_ERROR;
				GCC_WARN_UNDECLARED_SELECTOR = YES;
				GCC_WARN_UNINITIALIZED_AUTOS = YES_AGGRESSIVE;
				GCC_WARN_UNUSED_FUNCTION = YES;
				GCC_WARN_UNUSED_VARIABLE = YES;
				IPHONEOS_DEPLOYMENT_TARGET = 6.0;
				MTL_ENABLE_DEBUG_INFO = NO;
				SDKROOT = iphoneos;
				TARGETED_DEVICE_FAMILY = "1,2";
				VALIDATE_PRODUCT = YES;
			};
			name = Release;
		};
		08557FD01A56E249000901CA /* Debug */ = {
			isa = XCBuildConfiguration;
			baseConfigurationReference = 15646F1AE709973403B2600F /* Pods.debug.xcconfig */;
			buildSettings = {
				ASSETCATALOG_COMPILER_APPICON_NAME = AppIcon;
				FRAMEWORK_SEARCH_PATHS = (
					"$(inherited)",
					"$(PROJECT_DIR)",
				);
				INFOPLIST_FILE = CastGameDebugger/Info.plist;
				LD_RUNPATH_SEARCH_PATHS = "$(inherited) @executable_path/Frameworks";
				PRODUCT_NAME = "$(TARGET_NAME)";
				TARGETED_DEVICE_FAMILY = 1;
			};
			name = Debug;
		};
		08557FD11A56E249000901CA /* Release */ = {
			isa = XCBuildConfiguration;
			baseConfigurationReference = AEAEB58F7C88F41935E04BEE /* Pods.release.xcconfig */;
			buildSettings = {
				ASSETCATALOG_COMPILER_APPICON_NAME = AppIcon;
				FRAMEWORK_SEARCH_PATHS = (
					"$(inherited)",
					"$(PROJECT_DIR)",
				);
				INFOPLIST_FILE = CastGameDebugger/Info.plist;
				LD_RUNPATH_SEARCH_PATHS = "$(inherited) @executable_path/Frameworks";
				PRODUCT_NAME = "$(TARGET_NAME)";
				TARGETED_DEVICE_FAMILY = 1;
			};
			name = Release;
		};
		08557FD31A56E249000901CA /* Debug */ = {
			isa = XCBuildConfiguration;
			buildSettings = {
				BUNDLE_LOADER = "$(TEST_HOST)";
				FRAMEWORK_SEARCH_PATHS = (
					"$(SDKROOT)/Developer/Library/Frameworks",
					"$(inherited)",
				);
				GCC_PREPROCESSOR_DEFINITIONS = (
					"DEBUG=1",
					"$(inherited)",
				);
				INFOPLIST_FILE = CastGameDebuggerTests/Info.plist;
				LD_RUNPATH_SEARCH_PATHS = "$(inherited) @executable_path/Frameworks @loader_path/Frameworks";
				PRODUCT_NAME = CastGameDebuggerTests;
				TEST_HOST = "$(BUILT_PRODUCTS_DIR)/CastGameDebugger.app/CastGameDebugger";
			};
			name = Debug;
		};
		08557FD41A56E249000901CA /* Release */ = {
			isa = XCBuildConfiguration;
			buildSettings = {
				BUNDLE_LOADER = "$(TEST_HOST)";
				FRAMEWORK_SEARCH_PATHS = (
					"$(SDKROOT)/Developer/Library/Frameworks",
					"$(inherited)",
				);
				INFOPLIST_FILE = CastGameDebuggerTests/Info.plist;
				LD_RUNPATH_SEARCH_PATHS = "$(inherited) @executable_path/Frameworks @loader_path/Frameworks";
				PRODUCT_NAME = CastGameDebuggerTests;
				TEST_HOST = "$(BUILT_PRODUCTS_DIR)/CastGameDebugger.app/CastGameDebugger";
			};
			name = Release;
		};
/* End XCBuildConfiguration section */

/* Begin XCConfigurationList section */
		08557FA71A56E249000901CA /* Build configuration list for PBXProject "CastGameDebugger" */ = {
			isa = XCConfigurationList;
			buildConfigurations = (
				08557FCD1A56E249000901CA /* Debug */,
				08557FCE1A56E249000901CA /* Release */,
			);
			defaultConfigurationIsVisible = 0;
			defaultConfigurationName = Release;
		};
		08557FCF1A56E249000901CA /* Build configuration list for PBXNativeTarget "CastGameDebugger" */ = {
			isa = XCConfigurationList;
			buildConfigurations = (
				08557FD01A56E249000901CA /* Debug */,
				08557FD11A56E249000901CA /* Release */,
			);
			defaultConfigurationIsVisible = 0;
			defaultConfigurationName = Release;
		};
		08557FD21A56E249000901CA /* Build configuration list for PBXNativeTarget "CastGameDebuggerTests" */ = {
			isa = XCConfigurationList;
			buildConfigurations = (
				08557FD31A56E249000901CA /* Debug */,
				08557FD41A56E249000901CA /* Release */,
			);
			defaultConfigurationIsVisible = 0;
			defaultConfigurationName = Release;
		};
/* End XCConfigurationList section */
	};
	rootObject = 08557FA41A56E249000901CA /* Project object */;
}
